// !$*UTF8*$!
{
	archiveVersion = 1;
	classes = {
	};
	objectVersion = 50;
	objects = {

/* Begin PBXBuildFile section */
		89459677238FBB1500478C78 /* BDConnection.swift in Sources */ = {isa = PBXBuildFile; fileRef = 89459676238FBB1500478C78 /* BDConnection.swift */; };
		898C120A238D1EB900B187AC /* AppDelegate.swift in Sources */ = {isa = PBXBuildFile; fileRef = 898C1209238D1EB900B187AC /* AppDelegate.swift */; };
		898C120F238D1EB900B187AC /* Main.storyboard in Resources */ = {isa = PBXBuildFile; fileRef = 898C120D238D1EB900B187AC /* Main.storyboard */; };
		898C1211238D1EC700B187AC /* Assets.xcassets in Resources */ = {isa = PBXBuildFile; fileRef = 898C1210238D1EC700B187AC /* Assets.xcassets */; };
		898C1214238D1EC700B187AC /* LaunchScreen.storyboard in Resources */ = {isa = PBXBuildFile; fileRef = 898C1212238D1EC700B187AC /* LaunchScreen.storyboard */; };
		8F1386252398F3B1002E65C3 /* SQLRequest.swift in Sources */ = {isa = PBXBuildFile; fileRef = 8F1386242398F3B1002E65C3 /* SQLRequest.swift */; };
		8F1386272398F92F002E65C3 /* Entity.swift in Sources */ = {isa = PBXBuildFile; fileRef = 8F1386262398F92F002E65C3 /* Entity.swift */; };
		8F3FAEC4238D4BC9004D93C6 /* Constants.swift in Sources */ = {isa = PBXBuildFile; fileRef = 8F3FAEC3238D4BC9004D93C6 /* Constants.swift */; };
		8F3FAEC6238D4D58004D93C6 /* Utilisateur.swift in Sources */ = {isa = PBXBuildFile; fileRef = 8F3FAEC5238D4D58004D93C6 /* Utilisateur.swift */; };
		8F3FAEC8238D4FC7004D93C6 /* Course.swift in Sources */ = {isa = PBXBuildFile; fileRef = 8F3FAEC7238D4FC7004D93C6 /* Course.swift */; };
		8F3FAECA238D50F3004D93C6 /* Conducteur.swift in Sources */ = {isa = PBXBuildFile; fileRef = 8F3FAEC9238D50F3004D93C6 /* Conducteur.swift */; };
		8F3FAECC238D540C004D93C6 /* Statut.swift in Sources */ = {isa = PBXBuildFile; fileRef = 8F3FAECB238D540C004D93C6 /* Statut.swift */; };
		8F3FAECE238D5494004D93C6 /* Image.swift in Sources */ = {isa = PBXBuildFile; fileRef = 8F3FAECD238D5494004D93C6 /* Image.swift */; };
		8F3FAED0238D56BA004D93C6 /* MainActivityController.swift in Sources */ = {isa = PBXBuildFile; fileRef = 8F3FAECF238D56BA004D93C6 /* MainActivityController.swift */; };
/* End PBXBuildFile section */

/* Begin PBXFileReference section */
		89459676238FBB1500478C78 /* BDConnection.swift */ = {isa = PBXFileReference; lastKnownFileType = sourcecode.swift; path = BDConnection.swift; sourceTree = "<group>"; };
		898C1206238D1EB900B187AC /* UbUTT.app */ = {isa = PBXFileReference; explicitFileType = wrapper.application; includeInIndex = 0; path = UbUTT.app; sourceTree = BUILT_PRODUCTS_DIR; };
		898C1209238D1EB900B187AC /* AppDelegate.swift */ = {isa = PBXFileReference; lastKnownFileType = sourcecode.swift; path = AppDelegate.swift; sourceTree = "<group>"; };
		898C120E238D1EB900B187AC /* Base */ = {isa = PBXFileReference; lastKnownFileType = file.storyboard; name = Base; path = Base.lproj/Main.storyboard; sourceTree = "<group>"; };
		898C1210238D1EC700B187AC /* Assets.xcassets */ = {isa = PBXFileReference; lastKnownFileType = folder.assetcatalog; path = Assets.xcassets; sourceTree = "<group>"; };
		898C1213238D1EC700B187AC /* Base */ = {isa = PBXFileReference; lastKnownFileType = file.storyboard; name = Base; path = Base.lproj/LaunchScreen.storyboard; sourceTree = "<group>"; };
		898C1215238D1EC700B187AC /* Info.plist */ = {isa = PBXFileReference; lastKnownFileType = text.plist.xml; path = Info.plist; sourceTree = "<group>"; };
		8F1386242398F3B1002E65C3 /* SQLRequest.swift */ = {isa = PBXFileReference; lastKnownFileType = sourcecode.swift; path = SQLRequest.swift; sourceTree = "<group>"; };
		8F1386262398F92F002E65C3 /* Entity.swift */ = {isa = PBXFileReference; lastKnownFileType = sourcecode.swift; path = Entity.swift; sourceTree = "<group>"; };
		8F3FAEC3238D4BC9004D93C6 /* Constants.swift */ = {isa = PBXFileReference; lastKnownFileType = sourcecode.swift; path = Constants.swift; sourceTree = "<group>"; };
		8F3FAEC5238D4D58004D93C6 /* Utilisateur.swift */ = {isa = PBXFileReference; lastKnownFileType = sourcecode.swift; path = Utilisateur.swift; sourceTree = "<group>"; };
		8F3FAEC7238D4FC7004D93C6 /* Course.swift */ = {isa = PBXFileReference; lastKnownFileType = sourcecode.swift; path = Course.swift; sourceTree = "<group>"; };
		8F3FAEC9238D50F3004D93C6 /* Conducteur.swift */ = {isa = PBXFileReference; lastKnownFileType = sourcecode.swift; path = Conducteur.swift; sourceTree = "<group>"; };
		8F3FAECB238D540C004D93C6 /* Statut.swift */ = {isa = PBXFileReference; lastKnownFileType = sourcecode.swift; path = Statut.swift; sourceTree = "<group>"; };
		8F3FAECD238D5494004D93C6 /* Image.swift */ = {isa = PBXFileReference; lastKnownFileType = sourcecode.swift; path = Image.swift; sourceTree = "<group>"; };
		8F3FAECF238D56BA004D93C6 /* MainActivityController.swift */ = {isa = PBXFileReference; lastKnownFileType = sourcecode.swift; path = MainActivityController.swift; sourceTree = "<group>"; };
/* End PBXFileReference section */

/* Begin PBXFrameworksBuildPhase section */
		898C1203238D1EB900B187AC /* Frameworks */ = {
			isa = PBXFrameworksBuildPhase;
			buildActionMask = 2147483647;
			files = (
			);
			runOnlyForDeploymentPostprocessing = 0;
		};
/* End PBXFrameworksBuildPhase section */

/* Begin PBXGroup section */
		898C11FD238D1EB900B187AC = {
			isa = PBXGroup;
			children = (
				898C1208238D1EB900B187AC /* UbUTT */,
				898C1207238D1EB900B187AC /* Products */,
			);
			sourceTree = "<group>";
		};
		898C1207238D1EB900B187AC /* Products */ = {
			isa = PBXGroup;
			children = (
				898C1206238D1EB900B187AC /* UbUTT.app */,
			);
			name = Products;
			sourceTree = "<group>";
		};
		898C1208238D1EB900B187AC /* UbUTT */ = {
			isa = PBXGroup;
			children = (
				8F3FAEC2238D4B90004D93C6 /* Core */,
				8F3FAEC1238D4B85004D93C6 /* Model */,
				898C1209238D1EB900B187AC /* AppDelegate.swift */,
				898C120D238D1EB900B187AC /* Main.storyboard */,
				898C1210238D1EC700B187AC /* Assets.xcassets */,
				898C1212238D1EC700B187AC /* LaunchScreen.storyboard */,
				898C1215238D1EC700B187AC /* Info.plist */,
				8F3FAECF238D56BA004D93C6 /* MainActivityController.swift */,
			);
			path = UbUTT;
			sourceTree = "<group>";
		};
		8F3FAEC1238D4B85004D93C6 /* Model */ = {
			isa = PBXGroup;
			children = (
				8F3FAEC5238D4D58004D93C6 /* Utilisateur.swift */,
				8F3FAEC7238D4FC7004D93C6 /* Course.swift */,
				8F3FAEC9238D50F3004D93C6 /* Conducteur.swift */,
				8F3FAECB238D540C004D93C6 /* Statut.swift */,
				8F3FAECD238D5494004D93C6 /* Image.swift */,
				8F1386262398F92F002E65C3 /* Entity.swift */,
			);
			path = Model;
			sourceTree = "<group>";
		};
		8F3FAEC2238D4B90004D93C6 /* Core */ = {
			isa = PBXGroup;
			children = (
				8F3FAEC3238D4BC9004D93C6 /* Constants.swift */,
				89459676238FBB1500478C78 /* BDConnection.swift */,
				8F1386242398F3B1002E65C3 /* SQLRequest.swift */,
			);
			path = Core;
			sourceTree = "<group>";
		};
/* End PBXGroup section */

/* Begin PBXNativeTarget section */
		898C1205238D1EB900B187AC /* UbUTT */ = {
			isa = PBXNativeTarget;
			buildConfigurationList = 898C1218238D1EC700B187AC /* Build configuration list for PBXNativeTarget "UbUTT" */;
			buildPhases = (
				898C1202238D1EB900B187AC /* Sources */,
				898C1203238D1EB900B187AC /* Frameworks */,
				898C1204238D1EB900B187AC /* Resources */,
			);
			buildRules = (
			);
			dependencies = (
			);
			name = UbUTT;
			productName = UbUTT;
			productReference = 898C1206238D1EB900B187AC /* UbUTT.app */;
			productType = "com.apple.product-type.application";
		};
/* End PBXNativeTarget section */

/* Begin PBXProject section */
		898C11FE238D1EB900B187AC /* Project object */ = {
			isa = PBXProject;
			attributes = {
				LastSwiftUpdateCheck = 1010;
				LastUpgradeCheck = 1010;
				ORGANIZATIONNAME = BourdelatPieret;
				TargetAttributes = {
					898C1205238D1EB900B187AC = {
						CreatedOnToolsVersion = 10.1;
					};
				};
			};
			buildConfigurationList = 898C1201238D1EB900B187AC /* Build configuration list for PBXProject "UbUTT" */;
			compatibilityVersion = "Xcode 9.3";
			developmentRegion = en;
			hasScannedForEncodings = 0;
			knownRegions = (
				en,
				Base,
			);
			mainGroup = 898C11FD238D1EB900B187AC;
			productRefGroup = 898C1207238D1EB900B187AC /* Products */;
			projectDirPath = "";
			projectRoot = "";
			targets = (
				898C1205238D1EB900B187AC /* UbUTT */,
			);
		};
/* End PBXProject section */

/* Begin PBXResourcesBuildPhase section */
		898C1204238D1EB900B187AC /* Resources */ = {
			isa = PBXResourcesBuildPhase;
			buildActionMask = 2147483647;
			files = (
				898C1214238D1EC700B187AC /* LaunchScreen.storyboard in Resources */,
				898C1211238D1EC700B187AC /* Assets.xcassets in Resources */,
				898C120F238D1EB900B187AC /* Main.storyboard in Resources */,
			);
			runOnlyForDeploymentPostprocessing = 0;
		};
/* End PBXResourcesBuildPhase section */

/* Begin PBXSourcesBuildPhase section */
		898C1202238D1EB900B187AC /* Sources */ = {
			isa = PBXSourcesBuildPhase;
			buildActionMask = 2147483647;
			files = (
				8F3FAECC238D540C004D93C6 /* Statut.swift in Sources */,
				8F3FAECE238D5494004D93C6 /* Image.swift in Sources */,
				8F1386252398F3B1002E65C3 /* SQLRequest.swift in Sources */,
				898C120A238D1EB900B187AC /* AppDelegate.swift in Sources */,
				8F3FAEC8238D4FC7004D93C6 /* Course.swift in Sources */,
				8F3FAEC4238D4BC9004D93C6 /* Constants.swift in Sources */,
				8F3FAED0238D56BA004D93C6 /* MainActivityController.swift in Sources */,
				8F1386272398F92F002E65C3 /* Entity.swift in Sources */,
				8F3FAEC6238D4D58004D93C6 /* Utilisateur.swift in Sources */,
				8F3FAECA238D50F3004D93C6 /* Conducteur.swift in Sources */,
				89459677238FBB1500478C78 /* BDConnection.swift in Sources */,
			);
			runOnlyForDeploymentPostprocessing = 0;
		};
/* End PBXSourcesBuildPhase section */

/* Begin PBXVariantGroup section */
		898C120D238D1EB900B187AC /* Main.storyboard */ = {
			isa = PBXVariantGroup;
			children = (
				898C120E238D1EB900B187AC /* Base */,
			);
			name = Main.storyboard;
			sourceTree = "<group>";
		};
		898C1212238D1EC700B187AC /* LaunchScreen.storyboard */ = {
			isa = PBXVariantGroup;
			children = (
				898C1213238D1EC700B187AC /* Base */,
			);
			name = LaunchScreen.storyboard;
			sourceTree = "<group>";
		};
/* End PBXVariantGroup section */

/* Begin XCBuildConfiguration section */
		898C1216238D1EC700B187AC /* Debug */ = {
			isa = XCBuildConfiguration;
			buildSettings = {
				ALWAYS_SEARCH_USER_PATHS = NO;
				CLANG_ANALYZER_NONNULL = YES;
				CLANG_ANALYZER_NUMBER_OBJECT_CONVERSION = YES_AGGRESSIVE;
				CLANG_CXX_LANGUAGE_STANDARD = "gnu++14";
				CLANG_CXX_LIBRARY = "libc++";
				CLANG_ENABLE_MODULES = YES;
				CLANG_ENABLE_OBJC_ARC = YES;
				CLANG_ENABLE_OBJC_WEAK = YES;
				CLANG_WARN_BLOCK_CAPTURE_AUTORELEASING = YES;
				CLANG_WARN_BOOL_CONVERSION = YES;
				CLANG_WARN_COMMA = YES;
				CLANG_WARN_CONSTANT_CONVERSION = YES;
				CLANG_WARN_DEPRECATED_OBJC_IMPLEMENTATIONS = YES;
				CLANG_WARN_DIRECT_OBJC_ISA_USAGE = YES_ERROR;
				CLANG_WARN_DOCUMENTATION_COMMENTS = YES;
				CLANG_WARN_EMPTY_BODY = YES;
				CLANG_WARN_ENUM_CONVERSION = YES;
				CLANG_WARN_INFINITE_RECURSION = YES;
				CLANG_WARN_INT_CONVERSION = YES;
				CLANG_WARN_NON_LITERAL_NULL_CONVERSION = YES;
				CLANG_WARN_OBJC_IMPLICIT_RETAIN_SELF = YES;
				CLANG_WARN_OBJC_LITERAL_CONVERSION = YES;
				CLANG_WARN_OBJC_ROOT_CLASS = YES_ERROR;
				CLANG_WARN_RANGE_LOOP_ANALYSIS = YES;
				CLANG_WARN_STRICT_PROTOTYPES = YES;
				CLANG_WARN_SUSPICIOUS_MOVE = YES;
				CLANG_WARN_UNGUARDED_AVAILABILITY = YES_AGGRESSIVE;
				CLANG_WARN_UNREACHABLE_CODE = YES;
				CLANG_WARN__DUPLICATE_METHOD_MATCH = YES;
				CODE_SIGN_IDENTITY = "iPhone Developer";
				COPY_PHASE_STRIP = NO;
				DEBUG_INFORMATION_FORMAT = dwarf;
				ENABLE_STRICT_OBJC_MSGSEND = YES;
				ENABLE_TESTABILITY = YES;
				GCC_C_LANGUAGE_STANDARD = gnu11;
				GCC_DYNAMIC_NO_PIC = NO;
				GCC_NO_COMMON_BLOCKS = YES;
				GCC_OPTIMIZATION_LEVEL = 0;
				GCC_PREPROCESSOR_DEFINITIONS = (
					"DEBUG=1",
					"$(inherited)",
				);
				GCC_WARN_64_TO_32_BIT_CONVERSION = YES;
				GCC_WARN_ABOUT_RETURN_TYPE = YES_ERROR;
				GCC_WARN_UNDECLARED_SELECTOR = YES;
				GCC_WARN_UNINITIALIZED_AUTOS = YES_AGGRESSIVE;
				GCC_WARN_UNUSED_FUNCTION = YES;
				GCC_WARN_UNUSED_VARIABLE = YES;
				IPHONEOS_DEPLOYMENT_TARGET = 12.1;
				MTL_ENABLE_DEBUG_INFO = INCLUDE_SOURCE;
				MTL_FAST_MATH = YES;
				ONLY_ACTIVE_ARCH = YES;
				SDKROOT = iphoneos;
				SWIFT_ACTIVE_COMPILATION_CONDITIONS = DEBUG;
				SWIFT_OPTIMIZATION_LEVEL = "-Onone";
			};
			name = Debug;
		};
		898C1217238D1EC700B187AC /* Release */ = {
			isa = XCBuildConfiguration;
			buildSettings = {
				ALWAYS_SEARCH_USER_PATHS = NO;
				CLANG_ANALYZER_NONNULL = YES;
				CLANG_ANALYZER_NUMBER_OBJECT_CONVERSION = YES_AGGRESSIVE;
				CLANG_CXX_LANGUAGE_STANDARD = "gnu++14";
				CLANG_CXX_LIBRARY = "libc++";
				CLANG_ENABLE_MODULES = YES;
				CLANG_ENABLE_OBJC_ARC = YES;
				CLANG_ENABLE_OBJC_WEAK = YES;
				CLANG_WARN_BLOCK_CAPTURE_AUTORELEASING = YES;
				CLANG_WARN_BOOL_CONVERSION = YES;
				CLANG_WARN_COMMA = YES;
				CLANG_WARN_CONSTANT_CONVERSION = YES;
				CLANG_WARN_DEPRECATED_OBJC_IMPLEMENTATIONS = YES;
				CLANG_WARN_DIRECT_OBJC_ISA_USAGE = YES_ERROR;
				CLANG_WARN_DOCUMENTATION_COMMENTS = YES;
				CLANG_WARN_EMPTY_BODY = YES;
				CLANG_WARN_ENUM_CONVERSION = YES;
				CLANG_WARN_INFINITE_RECURSION = YES;
				CLANG_WARN_INT_CONVERSION = YES;
				CLANG_WARN_NON_LITERAL_NULL_CONVERSION = YES;
				CLANG_WARN_OBJC_IMPLICIT_RETAIN_SELF = YES;
				CLANG_WARN_OBJC_LITERAL_CONVERSION = YES;
				CLANG_WARN_OBJC_ROOT_CLASS = YES_ERROR;
				CLANG_WARN_RANGE_LOOP_ANALYSIS = YES;
				CLANG_WARN_STRICT_PROTOTYPES = YES;
				CLANG_WARN_SUSPICIOUS_MOVE = YES;
				CLANG_WARN_UNGUARDED_AVAILABILITY = YES_AGGRESSIVE;
				CLANG_WARN_UNREACHABLE_CODE = YES;
				CLANG_WARN__DUPLICATE_METHOD_MATCH = YES;
				CODE_SIGN_IDENTITY = "iPhone Developer";
				COPY_PHASE_STRIP = NO;
				DEBUG_INFORMATION_FORMAT = "dwarf-with-dsym";
				ENABLE_NS_ASSERTIONS = NO;
				ENABLE_STRICT_OBJC_MSGSEND = YES;
				GCC_C_LANGUAGE_STANDARD = gnu11;
				GCC_NO_COMMON_BLOCKS = YES;
				GCC_WARN_64_TO_32_BIT_CONVERSION = YES;
				GCC_WARN_ABOUT_RETURN_TYPE = YES_ERROR;
				GCC_WARN_UNDECLARED_SELECTOR = YES;
				GCC_WARN_UNINITIALIZED_AUTOS = YES_AGGRESSIVE;
				GCC_WARN_UNUSED_FUNCTION = YES;
				GCC_WARN_UNUSED_VARIABLE = YES;
				IPHONEOS_DEPLOYMENT_TARGET = 12.1;
				MTL_ENABLE_DEBUG_INFO = NO;
				MTL_FAST_MATH = YES;
				SDKROOT = iphoneos;
				SWIFT_COMPILATION_MODE = wholemodule;
				SWIFT_OPTIMIZATION_LEVEL = "-O";
				VALIDATE_PRODUCT = YES;
			};
			name = Release;
		};
		898C1219238D1EC700B187AC /* Debug */ = {
			isa = XCBuildConfiguration;
			buildSettings = {
				ASSETCATALOG_COMPILER_APPICON_NAME = AppIcon;
				CODE_SIGN_STYLE = Automatic;
				INFOPLIST_FILE = UbUTT/Info.plist;
				LD_RUNPATH_SEARCH_PATHS = (
					"$(inherited)",
					"@executable_path/Frameworks",
				);
				PRODUCT_BUNDLE_IDENTIFIER = "utt-if26.UbUTT";
				PRODUCT_NAME = "$(TARGET_NAME)";
				SWIFT_VERSION = 4.2;
				TARGETED_DEVICE_FAMILY = "1,2";
			};
			name = Debug;
		};
		898C121A238D1EC700B187AC /* Release */ = {
			isa = XCBuildConfiguration;
			buildSettings = {
				ASSETCATALOG_COMPILER_APPICON_NAME = AppIcon;
				CODE_SIGN_STYLE = Automatic;
				INFOPLIST_FILE = UbUTT/Info.plist;
				LD_RUNPATH_SEARCH_PATHS = (
					"$(inherited)",
					"@executable_path/Frameworks",
				);
				PRODUCT_BUNDLE_IDENTIFIER = "utt-if26.UbUTT";
				PRODUCT_NAME = "$(TARGET_NAME)";
				SWIFT_VERSION = 4.2;
				TARGETED_DEVICE_FAMILY = "1,2";
			};
			name = Release;
		};
/* End XCBuildConfiguration section */

/* Begin XCConfigurationList section */
		898C1201238D1EB900B187AC /* Build configuration list for PBXProject "UbUTT" */ = {
			isa = XCConfigurationList;
			buildConfigurations = (
				898C1216238D1EC700B187AC /* Debug */,
				898C1217238D1EC700B187AC /* Release */,
			);
			defaultConfigurationIsVisible = 0;
			defaultConfigurationName = Release;
		};
		898C1218238D1EC700B187AC /* Build configuration list for PBXNativeTarget "UbUTT" */ = {
			isa = XCConfigurationList;
			buildConfigurations = (
				898C1219238D1EC700B187AC /* Debug */,
				898C121A238D1EC700B187AC /* Release */,
			);
			defaultConfigurationIsVisible = 0;
			defaultConfigurationName = Release;
		};
/* End XCConfigurationList section */
	};
	rootObject = 898C11FE238D1EB900B187AC /* Project object */;
}
